{
  "version": "5",
  "specifiers": {
    "jsr:@cliffy/command@1.3.1": "1.3.1",
    "jsr:@cliffy/flags@^1.3.1": "1.3.1",
    "jsr:@cliffy/internal@^1.3.1": "1.3.1",
    "jsr:@cliffy/table@^1.3.1": "1.3.1",
    "jsr:@std/assert@1.0.19": "1.0.19",
    "jsr:@std/async@1.5.1": "1.5.1",
    "jsr:@std/bytes@^1.0.6": "1.0.6",
    "jsr:@std/csv@1.0.6": "1.0.6",
    "jsr:@std/fmt@1.0.10": "1.0.10",
    "jsr:@std/fmt@^1.0.10": "1.0.10",
    "jsr:@std/fs@1.0.24": "1.0.24",
    "jsr:@std/internal@^1.0.12": "1.0.14",
    "jsr:@std/internal@^1.0.14": "1.0.14",
    "jsr:@std/io@0.225.3": "0.225.3",
    "jsr:@std/path@1.1.6": "1.1.6",
    "jsr:@std/path@^1.1.5": "1.1.6",
    "jsr:@std/streams@^1.0.9": "1.2.0",
    "jsr:@std/text@^1.0.19": "1.1.0",
    "npm:csv-parse@7.0.3": "7.0.3",
    "npm:csv-stringify@6.9.0": "6.9.0",
    "npm:papaparse@5.7.0": "5.7.0"
  },
  "jsr": {
    "@cliffy/command@1.3.1": {
      "integrity": "366ab6d5f68abe3ded22c09f65c151cfba600fa26690a4763f390c2f1e07ca4d",
      "dependencies": [
        "jsr:@cliffy/flags",
        "jsr:@cliffy/internal",
        "jsr:@cliffy/table",
        "jsr:@std/fmt@^1.0.10",
        "jsr:@std/text"
      ]
    },
    "@cliffy/flags@1.3.1": {
      "integrity": "12f38efa0c8c2531c09f1b9a70bae4c4dcfbe01793bac11ac8ac92dddedaa294",
      "dependencies": [
        "jsr:@cliffy/internal",
        "jsr:@std/text"
      ]
    },
    "@cliffy/internal@1.3.1": {
      "integrity": "b309718fbfb8a226e74bc06f151d4459c2bdfa7ce68482decca75106bbf28816"
    },
    "@cliffy/table@1.3.1": {
      "integrity": "483c43936b9be148cbedd8bd39e5c0d098c9c87c4667fe2ad9b8acff77f79b8b",
      "dependencies": [
        "jsr:@std/fmt@^1.0.10"
      ]
    },
    "@std/assert@1.0.19": {
      "integrity": "eaada96ee120cb980bc47e040f82814d786fe8162ecc53c91d8df60b8755991e",
      "dependencies": [
        "jsr:@std/internal@^1.0.12"
      ]
    },
    "@std/async@1.5.1": {
      "integrity": "c82455dc70cab29a0adf3ac8075db934785bffdd3902af5afcf25d21a74cfd86"
    },
    "@std/bytes@1.0.6": {
      "integrity": "f6ac6adbd8ccd99314045f5703e23af0a68d7f7e58364b47d2c7f408aeb5820a"
    },
    "@std/csv@1.0.6": {
      "integrity": "52ef0e62799a0028d278fa04762f17f9bd263fad9a8e7f98c14fbd371d62d9fd",
      "dependencies": [
        "jsr:@std/streams"
      ]
    },
    "@std/fmt@1.0.10": {
      "integrity": "90dfba288802ac6de82fb31d0917eb9e4450b9925b954d5e51fc29ac07419db5"
    },
    "@std/fs@1.0.24": {
      "integrity": "f3061b45b81673a2bece689da041df32d174be064c89eb6397fb5718d3fb7877",
      "dependencies": [
        "jsr:@std/internal@^1.0.14",
        "jsr:@std/path@^1.1.5"
      ]
    },
    "@std/internal@1.0.14": {
      "integrity": "291516b3d4c35024d6ffbc0a9df5bf4c64116e05b50012cf846710152d2ffdf7"
    },
    "@std/io@0.225.3": {
      "integrity": "27b07b591384d12d7b568f39e61dff966b8230559122df1e9fd11cc068f7ddd1"
    },
    "@std/path@1.1.6": {
      "integrity": "c68485c2a4dfbb5ae3cc74fae4e8c4e5d874cf8a8ed12927917235c758b46cbe",
      "dependencies": [
        "jsr:@std/internal@^1.0.14"
      ]
    },
    "@std/streams@1.2.0": {
      "integrity": "256b934254778f2bf45f5713b934209ff29e9b4b7fd4ec095219966813758c5f",
      "dependencies": [
        "jsr:@std/bytes"
      ]
    },
    "@std/text@1.1.0": {
      "integrity": "3db511996317f63e35b76fe18fe35249723ae0ff6f8305398c78dd64ffa809a7"
    }
  },
  "npm": {
    "csv-parse@7.0.3": {
      "integrity": "sha512-YFd3QM/yo17vH91L1IOZuvl09zM0zEEtdfTcOCKWcMdM++MNaQSyp09slXyFCLaPXvHstQFx/xC8myiFHSMUvw=="
    },
    "csv-stringify@6.9.0": {
      "integrity": "sha512-6b3e29CILFfSQ2nDRuZMRROzQOpPuJ+s8zPB5H7eK5ncXBbFOyVuRLU5Sx/zAUmVri3Ly49GyC8NEme4SVSAbA=="
    },
    "papaparse@5.7.0": {
      "integrity": "sha512-qBGxg/7Q3Kl9Wfhrz2Z74UnvnHTXLNG6jmKJFeBvP2+y4lV7So+7SR62+Zd47JvdrCkX+nDcnr0ObPzek/+6RA=="
    }
  },
  "workspace": {
    "dependencies": [
      "jsr:@cliffy/command@1.3.1",
      "jsr:@std/assert@1.0.19",
      "jsr:@std/async@1.5.1",
      "jsr:@std/csv@1.0.6",
      "jsr:@std/fmt@1.0.10",
      "jsr:@std/fs@1.0.24",
      "jsr:@std/io@0.225.3",
      "jsr:@std/path@1.1.6",
      "npm:csv-parse@7.0.3",
      "npm:csv-stringify@6.9.0",
      "npm:papaparse@5.7.0"
    ]
  }
}
